
Microsoft Visual Studio Solution File, Format Version 12.00
# Visual Studio Version 16
VisualStudioVersion = 16.0.29326.143
MinimumVisualStudioVersion = 10.0.40219.1
Project("{FAE04EC0-301F-11D3-BF4B-00C04F79EFBC}") = "App7.Android", "App7\App7.Android\App7.Android.csproj", "{183452AD-F925-4945-A42A-2D317997045A}"
EndProject
Project("{FAE04EC0-301F-11D3-BF4B-00C04F79EFBC}") = "App7", "App7\App7\App7.csproj", "{5EC87C60-2A05-4314-A06B-FC7E249279E3}"
EndProject
Global
	GlobalSection(SolutionConfigurationPlatforms) = preSolution
		Debug|Any CPU = Debug|Any CPU
		Release|Any CPU = Release|Any CPU
	EndGlobalSection
	GlobalSection(ProjectConfigurationPlatforms) = postSolution
		{183452AD-F925-4945-A42A-2D317997045A}.Debug|Any CPU.ActiveCfg = Debug|Any CPU
		{183452AD-F925-4945-A42A-2D317997045A}.Debug|Any CPU.Build.0 = Debug|Any CPU
		{183452AD-F925-4945-A42A-2D317997045A}.Debug|Any CPU.Deploy.0 = Debug|Any CPU
		{183452AD-F925-4945-A42A-2D317997045A}.Release|Any CPU.ActiveCfg = Release|Any CPU
		{183452AD-F925-4945-A42A-2D317997045A}.Release|Any CPU.Build.0 = Release|Any CPU
		{183452AD-F925-4945-A42A-2D317997045A}.Release|Any CPU.Deploy.0 = Release|Any CPU
		{5EC87C60-2A05-4314-A06B-FC7E249279E3}.Debug|Any CPU.ActiveCfg = Debug|Any CPU
		{5EC87C60-2A05-4314-A06B-FC7E249279E3}.Debug|Any CPU.Build.0 = Debug|Any CPU
		{5EC87C60-2A05-4314-A06B-FC7E249279E3}.Debug|Any CPU.Deploy.0 = Debug|Any CPU
		{5EC87C60-2A05-4314-A06B-FC7E249279E3}.Release|Any CPU.ActiveCfg = Release|Any CPU
		{5EC87C60-2A05-4314-A06B-FC7E249279E3}.Release|Any CPU.Build.0 = Release|Any CPU
		{5EC87C60-2A05-4314-A06B-FC7E249279E3}.Release|Any CPU.Deploy.0 = Release|Any CPU
	EndGlobalSection
	GlobalSection(SolutionProperties) = preSolution
		HideSolutionNode = FALSE
	EndGlobalSection
	GlobalSection(ExtensibilityGlobals) = postSolution
		SolutionGuid = {5F784BD2-23A2-44B7-B1A9-38FD93D2D3EF}
	EndGlobalSection
EndGlobal
